<Solution>
  <Folder Name="/Элементы решения/">
    <File Path="lab_3_example.cs" />
  </Folder>
  <Project Path="Laba3/Laba3.csproj" />
  <Project Path="laba3_2/laba3_2.csproj" Id="be56444e-251b-41d1-9875-fec1e2bbe14a" />
  <Project Path="laba3_3/laba3_3.csproj" Id="80c04bc6-4cd8-49d3-b6aa-60fcdd8bafbc" />
  <Project Path="laba3_4/laba3_4.csproj" Id="ff793284-ec0a-4072-8c00-43a38e1a8f5a" />
  <Project Path="laba3_5/laba3_5.csproj" Id="abb67633-7aea-4e28-90e9-eab9a5d47536" />
</Solution>
